// !$*UTF8*$!
{
	archiveVersion = 1;
	classes = {
	};
	objectVersion = 56;
	objects = {

/* Begin PBXBuildFile section */
		26B3157029A90DFD0043EA57 /* API_CallingApp.swift in Sources */ = {isa = PBXBuildFile; fileRef = 26B3156F29A90DFD0043EA57 /* API_CallingApp.swift */; };
		26B3157229A90DFD0043EA57 /* ContentView.swift in Sources */ = {isa = PBXBuildFile; fileRef = 26B3157129A90DFD0043EA57 /* ContentView.swift */; };
		26B3157429A90DFF0043EA57 /* Assets.xcassets in Resources */ = {isa = PBXBuildFile; fileRef = 26B3157329A90DFF0043EA57 /* Assets.xcassets */; };
		26B3157729A90DFF0043EA57 /* Preview Assets.xcassets in Resources */ = {isa = PBXBuildFile; fileRef = 26B3157629A90DFF0043EA57 /* Preview Assets.xcassets */; };
		26B3158129A90DFF0043EA57 /* API_CallingTests.swift in Sources */ = {isa = PBXBuildFile; fileRef = 26B3158029A90DFF0043EA57 /* API_CallingTests.swift */; };
		26B3158B29A90DFF0043EA57 /* API_CallingUITests.swift in Sources */ = {isa = PBXBuildFile; fileRef = 26B3158A29A90DFF0043EA57 /* API_CallingUITests.swift */; };
		26B3158D29A90DFF0043EA57 /* API_CallingUITestsLaunchTests.swift in Sources */ = {isa = PBXBuildFile; fileRef = 26B3158C29A90DFF0043EA57 /* API_CallingUITestsLaunchTests.swift */; };
/* End PBXBuildFile section */

/* Begin PBXContainerItemProxy section */
		26B3157D29A90DFF0043EA57 /* PBXContainerItemProxy */ = {
			isa = PBXContainerItemProxy;
			containerPortal = 26B3156429A90DFD0043EA57 /* Project object */;
			proxyType = 1;
			remoteGlobalIDString = 26B3156B29A90DFD0043EA57;
			remoteInfo = "API Calling";
		};
		26B3158729A90DFF0043EA57 /* PBXContainerItemProxy */ = {
			isa = PBXContainerItemProxy;
			containerPortal = 26B3156429A90DFD0043EA57 /* Project object */;
			proxyType = 1;
			remoteGlobalIDString = 26B3156B29A90DFD0043EA57;
			remoteInfo = "API Calling";
		};
/* End PBXContainerItemProxy section */

/* Begin PBXFileReference section */
		26B3156C29A90DFD0043EA57 /* API Calling.app */ = {isa = PBXFileReference; explicitFileType = wrapper.application; includeInIndex = 0; path = "API Calling.app"; sourceTree = BUILT_PRODUCTS_DIR; };
		26B3156F29A90DFD0043EA57 /* API_CallingApp.swift */ = {isa = PBXFileReference; lastKnownFileType = sourcecode.swift; path = API_CallingApp.swift; sourceTree = "<group>"; };
		26B3157129A90DFD0043EA57 /* ContentView.swift */ = {isa = PBXFileReference; lastKnownFileType = sourcecode.swift; path = ContentView.swift; sourceTree = "<group>"; };
		26B3157329A90DFF0043EA57 /* Assets.xcassets */ = {isa = PBXFileReference; lastKnownFileType = folder.assetcatalog; path = Assets.xcassets; sourceTree = "<group>"; };
		26B3157629A90DFF0043EA57 /* Preview Assets.xcassets */ = {isa = PBXFileReference; lastKnownFileType = folder.assetcatalog; path = "Preview Assets.xcassets"; sourceTree = "<group>"; };
		26B3157C29A90DFF0043EA57 /* API CallingTests.xctest */ = {isa = PBXFileReference; explicitFileType = wrapper.cfbundle; includeInIndex = 0; path = "API CallingTests.xctest"; sourceTree = BUILT_PRODUCTS_DIR; };
		26B3158029A90DFF0043EA57 /* API_CallingTests.swift */ = {isa = PBXFileReference; lastKnownFileType = sourcecode.swift; path = API_CallingTests.swift; sourceTree = "<group>"; };
		26B3158629A90DFF0043EA57 /* API CallingUITests.xctest */ = {isa = PBXFileReference; explicitFileType = wrapper.cfbundle; includeInIndex = 0; path = "API CallingUITests.xctest"; sourceTree = BUILT_PRODUCTS_DIR; };
		26B3158A29A90DFF0043EA57 /* API_CallingUITests.swift */ = {isa = PBXFileReference; lastKnownFileType = sourcecode.swift; path = API_CallingUITests.swift; sourceTree = "<group>"; };
		26B3158C29A90DFF0043EA57 /* API_CallingUITestsLaunchTests.swift */ = {isa = PBXFileReference; lastKnownFileType = sourcecode.swift; path = API_CallingUITestsLaunchTests.swift; sourceTree = "<group>"; };
/* End PBXFileReference section */

/* Begin PBXFrameworksBuildPhase section */
		26B3156929A90DFD0043EA57 /* Frameworks */ = {
			isa = PBXFrameworksBuildPhase;
			buildActionMask = 2147483647;
			files = (
			);
			runOnlyForDeploymentPostprocessing = 0;
		};
		26B3157929A90DFF0043EA57 /* Frameworks */ = {
			isa = PBXFrameworksBuildPhase;
			buildActionMask = 2147483647;
			files = (
			);
			runOnlyForDeploymentPostprocessing = 0;
		};
		26B3158329A90DFF0043EA57 /* Frameworks */ = {
			isa = PBXFrameworksBuildPhase;
			buildActionMask = 2147483647;
			files = (
			);
			runOnlyForDeploymentPostprocessing = 0;
		};
/* End PBXFrameworksBuildPhase section */

/* Begin PBXGroup section */
		26B3156329A90DFD0043EA57 = {
			isa = PBXGroup;
			children = (
				26B3156E29A90DFD0043EA57 /* API Calling */,
				26B3157F29A90DFF0043EA57 /* API CallingTests */,
				26B3158929A90DFF0043EA57 /* API CallingUITests */,
				26B3156D29A90DFD0043EA57 /* Products */,
			);
			sourceTree = "<group>";
		};
		26B3156D29A90DFD0043EA57 /* Products */ = {
			isa = PBXGroup;
			children = (
				26B3156C29A90DFD0043EA57 /* API Calling.app */,
				26B3157C29A90DFF0043EA57 /* API CallingTests.xctest */,
				26B3158629A90DFF0043EA57 /* API CallingUITests.xctest */,
			);
			name = Products;
			sourceTree = "<group>";
		};
		26B3156E29A90DFD0043EA57 /* API Calling */ = {
			isa = PBXGroup;
			children = (
				26B3156F29A90DFD0043EA57 /* API_CallingApp.swift */,
				26B3157129A90DFD0043EA57 /* ContentView.swift */,
				26B3157329A90DFF0043EA57 /* Assets.xcassets */,
				26B3157529A90DFF0043EA57 /* Preview Content */,
			);
			path = "API Calling";
			sourceTree = "<group>";
		};
		26B3157529A90DFF0043EA57 /* Preview Content */ = {
			isa = PBXGroup;
			children = (
				26B3157629A90DFF0043EA57 /* Preview Assets.xcassets */,
			);
			path = "Preview Content";
			sourceTree = "<group>";
		};
		26B3157F29A90DFF0043EA57 /* API CallingTests */ = {
			isa = PBXGroup;
			children = (
				26B3158029A90DFF0043EA57 /* API_CallingTests.swift */,
			);
			path = "API CallingTests";
			sourceTree = "<group>";
		};
		26B3158929A90DFF0043EA57 /* API CallingUITests */ = {
			isa = PBXGroup;
			children = (
				26B3158A29A90DFF0043EA57 /* API_CallingUITests.swift */,
				26B3158C29A90DFF0043EA57 /* API_CallingUITestsLaunchTests.swift */,
			);
			path = "API CallingUITests";
			sourceTree = "<group>";
		};
/* End PBXGroup section */

/* Begin PBXNativeTarget section */
		26B3156B29A90DFD0043EA57 /* API Calling */ = {
			isa = PBXNativeTarget;
			buildConfigurationList = 26B3159029A90DFF0043EA57 /* Build configuration list for PBXNativeTarget "API Calling" */;
			buildPhases = (
				26B3156829A90DFD0043EA57 /* Sources */,
				26B3156929A90DFD0043EA57 /* Frameworks */,
				26B3156A29A90DFD0043EA57 /* Resources */,
			);
			buildRules = (
			);
			dependencies = (
			);
			name = "API Calling";
			productName = "API Calling";
			productReference = 26B3156C29A90DFD0043EA57 /* API Calling.app */;
			productType = "com.apple.product-type.application";
		};
		26B3157B29A90DFF0043EA57 /* API CallingTests */ = {
			isa = PBXNativeTarget;
			buildConfigurationList = 26B3159329A90DFF0043EA57 /* Build configuration list for PBXNativeTarget "API CallingTests" */;
			buildPhases = (
				26B3157829A90DFF0043EA57 /* Sources */,
				26B3157929A90DFF0043EA57 /* Frameworks */,
				26B3157A29A90DFF0043EA57 /* Resources */,
			);
			buildRules = (
			);
			dependencies = (
				26B3157E29A90DFF0043EA57 /* PBXTargetDependency */,
			);
			name = "API CallingTests";
			productName = "API CallingTests";
			productReference = 26B3157C29A90DFF0043EA57 /* API CallingTests.xctest */;
			productType = "com.apple.product-type.bundle.unit-test";
		};
		26B3158529A90DFF0043EA57 /* API CallingUITests */ = {
			isa = PBXNativeTarget;
			buildConfigurationList = 26B3159629A90DFF0043EA57 /* Build configuration list for PBXNativeTarget "API CallingUITests" */;
			buildPhases = (
				26B3158229A90DFF0043EA57 /* Sources */,
				26B3158329A90DFF0043EA57 /* Frameworks */,
				26B3158429A90DFF0043EA57 /* Resources */,
			);
			buildRules = (
			);
			dependencies = (
				26B3158829A90DFF0043EA57 /* PBXTargetDependency */,
			);
			name = "API CallingUITests";
			productName = "API CallingUITests";
			productReference = 26B3158629A90DFF0043EA57 /* API CallingUITests.xctest */;
			productType = "com.apple.product-type.bundle.ui-testing";
		};
/* End PBXNativeTarget section */

/* Begin PBXProject section */
		26B3156429A90DFD0043EA57 /* Project object */ = {
			isa = PBXProject;
			attributes = {
				BuildIndependentTargetsInParallel = 1;
				LastSwiftUpdateCheck = 1410;
				LastUpgradeCheck = 1410;
				TargetAttributes = {
					26B3156B29A90DFD0043EA57 = {
						CreatedOnToolsVersion = 14.1;
					};
					26B3157B29A90DFF0043EA57 = {
						CreatedOnToolsVersion = 14.1;
						TestTargetID = 26B3156B29A90DFD0043EA57;
					};
					26B3158529A90DFF0043EA57 = {
						CreatedOnToolsVersion = 14.1;
						TestTargetID = 26B3156B29A90DFD0043EA57;
					};
				};
			};
			buildConfigurationList = 26B3156729A90DFD0043EA57 /* Build configuration list for PBXProject "API Calling" */;
			compatibilityVersion = "Xcode 14.0";
			developmentRegion = en;
			hasScannedForEncodings = 0;
			knownRegions = (
				en,
				Base,
			);
			mainGroup = 26B3156329A90DFD0043EA57;
			productRefGroup = 26B3156D29A90DFD0043EA57 /* Products */;
			projectDirPath = "";
			projectRoot = "";
			targets = (
				26B3156B29A90DFD0043EA57 /* API Calling */,
				26B3157B29A90DFF0043EA57 /* API CallingTests */,
				26B3158529A90DFF0043EA57 /* API CallingUITests */,
			);
		};
/* End PBXProject section */

/* Begin PBXResourcesBuildPhase section */
		26B3156A29A90DFD0043EA57 /* Resources */ = {
			isa = PBXResourcesBuildPhase;
			buildActionMask = 2147483647;
			files = (
				26B3157729A90DFF0043EA57 /* Preview Assets.xcassets in Resources */,
				26B3157429A90DFF0043EA57 /* Assets.xcassets in Resources */,
			);
			runOnlyForDeploymentPostprocessing = 0;
		};
		26B3157A29A90DFF0043EA57 /* Resources */ = {
			isa = PBXResourcesBuildPhase;
			buildActionMask = 2147483647;
			files = (
			);
			runOnlyForDeploymentPostprocessing = 0;
		};
		26B3158429A90DFF0043EA57 /* Resources */ = {
			isa = PBXResourcesBuildPhase;
			buildActionMask = 2147483647;
			files = (
			);
			runOnlyForDeploymentPostprocessing = 0;
		};
/* End PBXResourcesBuildPhase section */

/* Begin PBXSourcesBuildPhase section */
		26B3156829A90DFD0043EA57 /* Sources */ = {
			isa = PBXSourcesBuildPhase;
			buildActionMask = 2147483647;
			files = (
				26B3157229A90DFD0043EA57 /* ContentView.swift in Sources */,
				26B3157029A90DFD0043EA57 /* API_CallingApp.swift in Sources */,
			);
			runOnlyForDeploymentPostprocessing = 0;
		};
		26B3157829A90DFF0043EA57 /* Sources */ = {
			isa = PBXSourcesBuildPhase;
			buildActionMask = 2147483647;
			files = (
				26B3158129A90DFF0043EA57 /* API_CallingTests.swift in Sources */,
			);
			runOnlyForDeploymentPostprocessing = 0;
		};
		26B3158229A90DFF0043EA57 /* Sources */ = {
			isa = PBXSourcesBuildPhase;
			buildActionMask = 2147483647;
			files = (
				26B3158D29A90DFF0043EA57 /* API_CallingUITestsLaunchTests.swift in Sources */,
				26B3158B29A90DFF0043EA57 /* API_CallingUITests.swift in Sources */,
			);
			runOnlyForDeploymentPostprocessing = 0;
		};
/* End PBXSourcesBuildPhase section */

/* Begin PBXTargetDependency section */
		26B3157E29A90DFF0043EA57 /* PBXTargetDependency */ = {
			isa = PBXTargetDependency;
			target = 26B3156B29A90DFD0043EA57 /* API Calling */;
			targetProxy = 26B3157D29A90DFF0043EA57 /* PBXContainerItemProxy */;
		};
		26B3158829A90DFF0043EA57 /* PBXTargetDependency */ = {
			isa = PBXTargetDependency;
			target = 26B3156B29A90DFD0043EA57 /* API Calling */;
			targetProxy = 26B3158729A90DFF0043EA57 /* PBXContainerItemProxy */;
		};
/* End PBXTargetDependency section */

/* Begin XCBuildConfiguration section */
		26B3158E29A90DFF0043EA57 /* Debug */ = {
			isa = XCBuildConfiguration;
			buildSettings = {
				ALWAYS_SEARCH_USER_PATHS = NO;
				CLANG_ANALYZER_NONNULL = YES;
				CLANG_ANALYZER_NUMBER_OBJECT_CONVERSION = YES_AGGRESSIVE;
				CLANG_CXX_LANGUAGE_STANDARD = "gnu++20";
				CLANG_ENABLE_MODULES = YES;
				CLANG_ENABLE_OBJC_ARC = YES;
				CLANG_ENABLE_OBJC_WEAK = YES;
				CLANG_WARN_BLOCK_CAPTURE_AUTORELEASING = YES;
				CLANG_WARN_BOOL_CONVERSION = YES;
				CLANG_WARN_COMMA = YES;
				CLANG_WARN_CONSTANT_CONVERSION = YES;
				CLANG_WARN_DEPRECATED_OBJC_IMPLEMENTATIONS = YES;
				CLANG_WARN_DIRECT_OBJC_ISA_USAGE = YES_ERROR;
				CLANG_WARN_DOCUMENTATION_COMMENTS = YES;
				CLANG_WARN_EMPTY_BODY = YES;
				CLANG_WARN_ENUM_CONVERSION = YES;
				CLANG_WARN_INFINITE_RECURSION = YES;
				CLANG_WARN_INT_CONVERSION = YES;
				CLANG_WARN_NON_LITERAL_NULL_CONVERSION = YES;
				CLANG_WARN_OBJC_IMPLICIT_RETAIN_SELF = YES;
				CLANG_WARN_OBJC_LITERAL_CONVERSION = YES;
				CLANG_WARN_OBJC_ROOT_CLASS = YES_ERROR;
				CLANG_WARN_QUOTED_INCLUDE_IN_FRAMEWORK_HEADER = YES;
				CLANG_WARN_RANGE_LOOP_ANALYSIS = YES;
				CLANG_WARN_STRICT_PROTOTYPES = YES;
				CLANG_WARN_SUSPICIOUS_MOVE = YES;
				CLANG_WARN_UNGUARDED_AVAILABILITY = YES_AGGRESSIVE;
				CLANG_WARN_UNREACHABLE_CODE = YES;
				CLANG_WARN__DUPLICATE_METHOD_MATCH = YES;
				COPY_PHASE_STRIP = NO;
				DEBUG_INFORMATION_FORMAT = dwarf;
				ENABLE_STRICT_OBJC_MSGSEND = YES;
				ENABLE_TESTABILITY = YES;
				GCC_C_LANGUAGE_STANDARD = gnu11;
				GCC_DYNAMIC_NO_PIC = NO;
				GCC_NO_COMMON_BLOCKS = YES;
				GCC_OPTIMIZATION_LEVEL = 0;
				GCC_PREPROCESSOR_DEFINITIONS = (
					"DEBUG=1",
					"$(inherited)",
				);
				GCC_WARN_64_TO_32_BIT_CONVERSION = YES;
				GCC_WARN_ABOUT_RETURN_TYPE = YES_ERROR;
				GCC_WARN_UNDECLARED_SELECTOR = YES;
				GCC_WARN_UNINITIALIZED_AUTOS = YES_AGGRESSIVE;
				GCC_WARN_UNUSED_FUNCTION = YES;
				GCC_WARN_UNUSED_VARIABLE = YES;
				IPHONEOS_DEPLOYMENT_TARGET = 16.1;
				MTL_ENABLE_DEBUG_INFO = INCLUDE_SOURCE;
				MTL_FAST_MATH = YES;
				ONLY_ACTIVE_ARCH = YES;
				SDKROOT = iphoneos;
				SWIFT_ACTIVE_COMPILATION_CONDITIONS = DEBUG;
				SWIFT_OPTIMIZATION_LEVEL = "-Onone";
			};
			name = Debug;
		};
		26B3158F29A90DFF0043EA57 /* Release */ = {
			isa = XCBuildConfiguration;
			buildSettings = {
				ALWAYS_SEARCH_USER_PATHS = NO;
				CLANG_ANALYZER_NONNULL = YES;
				CLANG_ANALYZER_NUMBER_OBJECT_CONVERSION = YES_AGGRESSIVE;
				CLANG_CXX_LANGUAGE_STANDARD = "gnu++20";
				CLANG_ENABLE_MODULES = YES;
				CLANG_ENABLE_OBJC_ARC = YES;
				CLANG_ENABLE_OBJC_WEAK = YES;
				CLANG_WARN_BLOCK_CAPTURE_AUTORELEASING = YES;
				CLANG_WARN_BOOL_CONVERSION = YES;
				CLANG_WARN_COMMA = YES;
				CLANG_WARN_CONSTANT_CONVERSION = YES;
				CLANG_WARN_DEPRECATED_OBJC_IMPLEMENTATIONS = YES;
				CLANG_WARN_DIRECT_OBJC_ISA_USAGE = YES_ERROR;
				CLANG_WARN_DOCUMENTATION_COMMENTS = YES;
				CLANG_WARN_EMPTY_BODY = YES;
				CLANG_WARN_ENUM_CONVERSION = YES;
				CLANG_WARN_INFINITE_RECURSION = YES;
				CLANG_WARN_INT_CONVERSION = YES;
				CLANG_WARN_NON_LITERAL_NULL_CONVERSION = YES;
				CLANG_WARN_OBJC_IMPLICIT_RETAIN_SELF = YES;
				CLANG_WARN_OBJC_LITERAL_CONVERSION = YES;
				CLANG_WARN_OBJC_ROOT_CLASS = YES_ERROR;
				CLANG_WARN_QUOTED_INCLUDE_IN_FRAMEWORK_HEADER = YES;
				CLANG_WARN_RANGE_LOOP_ANALYSIS = YES;
				CLANG_WARN_STRICT_PROTOTYPES = YES;
				CLANG_WARN_SUSPICIOUS_MOVE = YES;
				CLANG_WARN_UNGUARDED_AVAILABILITY = YES_AGGRESSIVE;
				CLANG_WARN_UNREACHABLE_CODE = YES;
				CLANG_WARN__DUPLICATE_METHOD_MATCH = YES;
				COPY_PHASE_STRIP = NO;
				DEBUG_INFORMATION_FORMAT = "dwarf-with-dsym";
				ENABLE_NS_ASSERTIONS = NO;
				ENABLE_STRICT_OBJC_MSGSEND = YES;
				GCC_C_LANGUAGE_STANDARD = gnu11;
				GCC_NO_COMMON_BLOCKS = YES;
				GCC_WARN_64_TO_32_BIT_CONVERSION = YES;
				GCC_WARN_ABOUT_RETURN_TYPE = YES_ERROR;
				GCC_WARN_UNDECLARED_SELECTOR = YES;
				GCC_WARN_UNINITIALIZED_AUTOS = YES_AGGRESSIVE;
				GCC_WARN_UNUSED_FUNCTION = YES;
				GCC_WARN_UNUSED_VARIABLE = YES;
				IPHONEOS_DEPLOYMENT_TARGET = 16.1;
				MTL_ENABLE_DEBUG_INFO = NO;
				MTL_FAST_MATH = YES;
				SDKROOT = iphoneos;
				SWIFT_COMPILATION_MODE = wholemodule;
				SWIFT_OPTIMIZATION_LEVEL = "-O";
				VALIDATE_PRODUCT = YES;
			};
			name = Release;
		};
		26B3159129A90DFF0043EA57 /* Debug */ = {
			isa = XCBuildConfiguration;
			buildSettings = {
				ASSETCATALOG_COMPILER_APPICON_NAME = AppIcon;
				ASSETCATALOG_COMPILER_GLOBAL_ACCENT_COLOR_NAME = AccentColor;
				CODE_SIGN_STYLE = Automatic;
				CURRENT_PROJECT_VERSION = 1;
				DEVELOPMENT_ASSET_PATHS = "\"API Calling/Preview Content\"";
				ENABLE_PREVIEWS = YES;
				GENERATE_INFOPLIST_FILE = YES;
				INFOPLIST_KEY_UIApplicationSceneManifest_Generation = YES;
				INFOPLIST_KEY_UIApplicationSupportsIndirectInputEvents = YES;
				INFOPLIST_KEY_UILaunchScreen_Generation = YES;
				INFOPLIST_KEY_UISupportedInterfaceOrientations_iPad = "UIInterfaceOrientationPortrait UIInterfaceOrientationPortraitUpsideDown UIInterfaceOrientationLandscapeLeft UIInterfaceOrientationLandscapeRight";
				INFOPLIST_KEY_UISupportedInterfaceOrientations_iPhone = "UIInterfaceOrientationPortrait UIInterfaceOrientationLandscapeLeft UIInterfaceOrientationLandscapeRight";
				LD_RUNPATH_SEARCH_PATHS = (
					"$(inherited)",
					"@executable_path/Frameworks",
				);
				MARKETING_VERSION = 1.0;
				PRODUCT_BUNDLE_IDENTIFIER = "Cmark.API-Calling";
				PRODUCT_NAME = "$(TARGET_NAME)";
				SWIFT_EMIT_LOC_STRINGS = YES;
				SWIFT_VERSION = 5.0;
				TARGETED_DEVICE_FAMILY = "1,2";
			};
			name = Debug;
		};
		26B3159229A90DFF0043EA57 /* Release */ = {
			isa = XCBuildConfiguration;
			buildSettings = {
				ASSETCATALOG_COMPILER_APPICON_NAME = AppIcon;
				ASSETCATALOG_COMPILER_GLOBAL_ACCENT_COLOR_NAME = AccentColor;
				CODE_SIGN_STYLE = Automatic;
				CURRENT_PROJECT_VERSION = 1;
				DEVELOPMENT_ASSET_PATHS = "\"API Calling/Preview Content\"";
				ENABLE_PREVIEWS = YES;
				GENERATE_INFOPLIST_FILE = YES;
				INFOPLIST_KEY_UIApplicationSceneManifest_Generation = YES;
				INFOPLIST_KEY_UIApplicationSupportsIndirectInputEvents = YES;
				INFOPLIST_KEY_UILaunchScreen_Generation = YES;
				INFOPLIST_KEY_UISupportedInterfaceOrientations_iPad = "UIInterfaceOrientationPortrait UIInterfaceOrientationPortraitUpsideDown UIInterfaceOrientationLandscapeLeft UIInterfaceOrientationLandscapeRight";
				INFOPLIST_KEY_UISupportedInterfaceOrientations_iPhone = "UIInterfaceOrientationPortrait UIInterfaceOrientationLandscapeLeft UIInterfaceOrientationLandscapeRight";
				LD_RUNPATH_SEARCH_PATHS = (
					"$(inherited)",
					"@executable_path/Frameworks",
				);
				MARKETING_VERSION = 1.0;
				PRODUCT_BUNDLE_IDENTIFIER = "Cmark.API-Calling";
				PRODUCT_NAME = "$(TARGET_NAME)";
				SWIFT_EMIT_LOC_STRINGS = YES;
				SWIFT_VERSION = 5.0;
				TARGETED_DEVICE_FAMILY = "1,2";
			};
			name = Release;
		};
		26B3159429A90DFF0043EA57 /* Debug */ = {
			isa = XCBuildConfiguration;
			buildSettings = {
				ALWAYS_EMBED_SWIFT_STANDARD_LIBRARIES = YES;
				BUNDLE_LOADER = "$(TEST_HOST)";
				CODE_SIGN_STYLE = Automatic;
				CURRENT_PROJECT_VERSION = 1;
				GENERATE_INFOPLIST_FILE = YES;
				IPHONEOS_DEPLOYMENT_TARGET = 16.1;
				MARKETING_VERSION = 1.0;
				PRODUCT_BUNDLE_IDENTIFIER = "Cmark.API-CallingTests";
				PRODUCT_NAME = "$(TARGET_NAME)";
				SWIFT_EMIT_LOC_STRINGS = NO;
				SWIFT_VERSION = 5.0;
				TARGETED_DEVICE_FAMILY = "1,2";
				TEST_HOST = "$(BUILT_PRODUCTS_DIR)/API Calling.app/$(BUNDLE_EXECUTABLE_FOLDER_PATH)/API Calling";
			};
			name = Debug;
		};
		26B3159529A90DFF0043EA57 /* Release */ = {
			isa = XCBuildConfiguration;
			buildSettings = {
				ALWAYS_EMBED_SWIFT_STANDARD_LIBRARIES = YES;
				BUNDLE_LOADER = "$(TEST_HOST)";
				CODE_SIGN_STYLE = Automatic;
				CURRENT_PROJECT_VERSION = 1;
				GENERATE_INFOPLIST_FILE = YES;
				IPHONEOS_DEPLOYMENT_TARGET = 16.1;
				MARKETING_VERSION = 1.0;
				PRODUCT_BUNDLE_IDENTIFIER = "Cmark.API-CallingTests";
				PRODUCT_NAME = "$(TARGET_NAME)";
				SWIFT_EMIT_LOC_STRINGS = NO;
				SWIFT_VERSION = 5.0;
				TARGETED_DEVICE_FAMILY = "1,2";
				TEST_HOST = "$(BUILT_PRODUCTS_DIR)/API Calling.app/$(BUNDLE_EXECUTABLE_FOLDER_PATH)/API Calling";
			};
			name = Release;
		};
		26B3159729A90DFF0043EA57 /* Debug */ = {
			isa = XCBuildConfiguration;
			buildSettings = {
				ALWAYS_EMBED_SWIFT_STANDARD_LIBRARIES = YES;
				CODE_SIGN_STYLE = Automatic;
				CURRENT_PROJECT_VERSION = 1;
				GENERATE_INFOPLIST_FILE = YES;
				MARKETING_VERSION = 1.0;
				PRODUCT_BUNDLE_IDENTIFIER = "Cmark.API-CallingUITests";
				PRODUCT_NAME = "$(TARGET_NAME)";
				SWIFT_EMIT_LOC_STRINGS = NO;
				SWIFT_VERSION = 5.0;
				TARGETED_DEVICE_FAMILY = "1,2";
				TEST_TARGET_NAME = "API Calling";
			};
			name = Debug;
		};
		26B3159829A90DFF0043EA57 /* Release */ = {
			isa = XCBuildConfiguration;
			buildSettings = {
				ALWAYS_EMBED_SWIFT_STANDARD_LIBRARIES = YES;
				CODE_SIGN_STYLE = Automatic;
				CURRENT_PROJECT_VERSION = 1;
				GENERATE_INFOPLIST_FILE = YES;
				MARKETING_VERSION = 1.0;
				PRODUCT_BUNDLE_IDENTIFIER = "Cmark.API-CallingUITests";
				PRODUCT_NAME = "$(TARGET_NAME)";
				SWIFT_EMIT_LOC_STRINGS = NO;
				SWIFT_VERSION = 5.0;
				TARGETED_DEVICE_FAMILY = "1,2";
				TEST_TARGET_NAME = "API Calling";
			};
			name = Release;
		};
/* End XCBuildConfiguration section */

/* Begin XCConfigurationList section */
		26B3156729A90DFD0043EA57 /* Build configuration list for PBXProject "API Calling" */ = {
			isa = XCConfigurationList;
			buildConfigurations = (
				26B3158E29A90DFF0043EA57 /* Debug */,
				26B3158F29A90DFF0043EA57 /* Release */,
			);
			defaultConfigurationIsVisible = 0;
			defaultConfigurationName = Release;
		};
		26B3159029A90DFF0043EA57 /* Build configuration list for PBXNativeTarget "API Calling" */ = {
			isa = XCConfigurationList;
			buildConfigurations = (
				26B3159129A90DFF0043EA57 /* Debug */,
				26B3159229A90DFF0043EA57 /* Release */,
			);
			defaultConfigurationIsVisible = 0;
			defaultConfigurationName = Release;
		};
		26B3159329A90DFF0043EA57 /* Build configuration list for PBXNativeTarget "API CallingTests" */ = {
			isa = XCConfigurationList;
			buildConfigurations = (
				26B3159429A90DFF0043EA57 /* Debug */,
				26B3159529A90DFF0043EA57 /* Release */,
			);
			defaultConfigurationIsVisible = 0;
			defaultConfigurationName = Release;
		};
		26B3159629A90DFF0043EA57 /* Build configuration list for PBXNativeTarget "API CallingUITests" */ = {
			isa = XCConfigurationList;
			buildConfigurations = (
				26B3159729A90DFF0043EA57 /* Debug */,
				26B3159829A90DFF0043EA57 /* Release */,
			);
			defaultConfigurationIsVisible = 0;
			defaultConfigurationName = Release;
		};
/* End XCConfigurationList section */
	};
	rootObject = 26B3156429A90DFD0043EA57 /* Project object */;
}
